{
  "requires": true,
  "lockfileVersion": 1,
  "dependencies": {
    "cordova-plugin-dialogs": {
      "version": "2.0.1",
      "resolved": "https://registry.npmjs.org/cordova-plugin-dialogs/-/cordova-plugin-dialogs-2.0.1.tgz",
      "integrity": "sha1-N/7xUSWWyNXflUP7eHJFkPdn3PM="
    },
    "cordova-plugin-sms": {
      "version": "1.0.5",
      "resolved": "https://registry.npmjs.org/cordova-plugin-sms/-/cordova-plugin-sms-1.0.5.tgz",
      "integrity": "sha1-ZkQJVMGfc+4+jjXlxxrhI/Q8t7I="
    }
  }
}
